
Microsoft Visual Studio Solution File, Format Version 12.00
# Visual Studio Version 16
VisualStudioVersion = 16.0.31702.278
MinimumVisualStudioVersion = 10.0.40219.1
Project("{FAE04EC0-301F-11D3-BF4B-00C04F79EFBC}") = "TextWrapper", "TextWrapper\TextWrapper.csproj", "{7177FC1C-70B5-4794-B819-D92E5EA371A1}"
EndProject
Global
	GlobalSection(SolutionConfigurationPlatforms) = preSolution
		Debug|Any CPU = Debug|Any CPU
		Release|Any CPU = Release|Any CPU
	EndGlobalSection
	GlobalSection(ProjectConfigurationPlatforms) = postSolution
		{7177FC1C-70B5-4794-B819-D92E5EA371A1}.Debug|Any CPU.ActiveCfg = Debug|Any CPU
		{7177FC1C-70B5-4794-B819-D92E5EA371A1}.Debug|Any CPU.Build.0 = Debug|Any CPU
		{7177FC1C-70B5-4794-B819-D92E5EA371A1}.Release|Any CPU.ActiveCfg = Release|Any CPU
		{7177FC1C-70B5-4794-B819-D92E5EA371A1}.Release|Any CPU.Build.0 = Release|Any CPU
	EndGlobalSection
	GlobalSection(SolutionProperties) = preSolution
		HideSolutionNode = FALSE
	EndGlobalSection
	GlobalSection(ExtensibilityGlobals) = postSolution
		SolutionGuid = {C74B9001-E10B-441C-A692-543D9CA354DD}
	EndGlobalSection
EndGlobal
